# THIS IS AN AUTOGENERATED FILE. DO NOT EDIT THIS FILE DIRECTLY.
# yarn lockfile v1


svelte-preprocess@^6.0.3:
  version "6.0.3"
  resolved "https://registry.yarnpkg.com/svelte-preprocess/-/svelte-preprocess-6.0.3.tgz#fdc1f9dc41b6f22bf8b1f059e9f21eaaae181eeb"
  integrity sha512-PLG2k05qHdhmRG7zR/dyo5qKvakhm8IJ+hD2eFRQmMLHp7X3eJnjeupUtvuRpbNiF31RjVw45W+abDwHEmP5OA==
